
Microsoft Visual Studio Solution File, Format Version 12.00
# Visual Studio Version 16
VisualStudioVersion = 16.0.31410.357
MinimumVisualStudioVersion = 10.0.40219.1
Project("{FAE04EC0-301F-11D3-BF4B-00C04F79EFBC}") = "ProfessionalChatDesktopApplication", "ProfessionalChatDesktopApplication\ProfessionalChatDesktopApplication.csproj", "{E9232583-5411-4B41-A4B0-EE6DB6DEF7B0}"
EndProject
Project("{FAE04EC0-301F-11D3-BF4B-00C04F79EFBC}") = "UI", "UI\UI.csproj", "{58D88362-EA1B-4938-AF41-80868704F4C5}"
EndProject
Global
	GlobalSection(SolutionConfigurationPlatforms) = preSolution
		Debug|Any CPU = Debug|Any CPU
		Release|Any CPU = Release|Any CPU
	EndGlobalSection
	GlobalSection(ProjectConfigurationPlatforms) = postSolution
		{E9232583-5411-4B41-A4B0-EE6DB6DEF7B0}.Debug|Any CPU.ActiveCfg = Debug|Any CPU
		{E9232583-5411-4B41-A4B0-EE6DB6DEF7B0}.Debug|Any CPU.Build.0 = Debug|Any CPU
		{E9232583-5411-4B41-A4B0-EE6DB6DEF7B0}.Release|Any CPU.ActiveCfg = Release|Any CPU
		{E9232583-5411-4B41-A4B0-EE6DB6DEF7B0}.Release|Any CPU.Build.0 = Release|Any CPU
		{58D88362-EA1B-4938-AF41-80868704F4C5}.Debug|Any CPU.ActiveCfg = Debug|Any CPU
		{58D88362-EA1B-4938-AF41-80868704F4C5}.Debug|Any CPU.Build.0 = Debug|Any CPU
		{58D88362-EA1B-4938-AF41-80868704F4C5}.Release|Any CPU.ActiveCfg = Release|Any CPU
		{58D88362-EA1B-4938-AF41-80868704F4C5}.Release|Any CPU.Build.0 = Release|Any CPU
	EndGlobalSection
	GlobalSection(SolutionProperties) = preSolution
		HideSolutionNode = FALSE
	EndGlobalSection
	GlobalSection(ExtensibilityGlobals) = postSolution
		SolutionGuid = {EAA76B2C-989E-4B1C-B17E-631313F9935D}
	EndGlobalSection
EndGlobal
